
Microsoft Visual Studio Solution File, Format Version 12.00
# Visual Studio Version 17
VisualStudioVersion = 17.4.33205.214
MinimumVisualStudioVersion = 10.0.40219.1
Project("{FAE04EC0-301F-11D3-BF4B-00C04F79EFBC}") = "HelloGithub", "HelloGithub\HelloGithub.csproj", "{BE9F807E-DAC7-426C-825F-5080CDA2060B}"
EndProject
Global
	GlobalSection(SolutionConfigurationPlatforms) = preSolution
		Debug|Any CPU = Debug|Any CPU
		Release|Any CPU = Release|Any CPU
	EndGlobalSection
	GlobalSection(ProjectConfigurationPlatforms) = postSolution
		{BE9F807E-DAC7-426C-825F-5080CDA2060B}.Debug|Any CPU.ActiveCfg = Debug|Any CPU
		{BE9F807E-DAC7-426C-825F-5080CDA2060B}.Debug|Any CPU.Build.0 = Debug|Any CPU
		{BE9F807E-DAC7-426C-825F-5080CDA2060B}.Release|Any CPU.ActiveCfg = Release|Any CPU
		{BE9F807E-DAC7-426C-825F-5080CDA2060B}.Release|Any CPU.Build.0 = Release|Any CPU
	EndGlobalSection
	GlobalSection(SolutionProperties) = preSolution
		HideSolutionNode = FALSE
	EndGlobalSection
	GlobalSection(ExtensibilityGlobals) = postSolution
		SolutionGuid = {6D8BBA4F-AE83-4115-9F17-D3FB436FC65A}
	EndGlobalSection
EndGlobal
